
Microsoft Visual Studio Solution File, Format Version 12.00
# Visual Studio Version 16
VisualStudioVersion = 25.0.1703.1
MinimumVisualStudioVersion = 10.0.40219.1
Project("{FAE04EC0-301F-11D3-BF4B-00C04F79EFBC}") = "MaquinaDeBebidas", "MaquinaDeBebidas.csproj", "{93421FF6-A027-427A-AAD9-703E63737813}"
EndProject
Global
	GlobalSection(SolutionConfigurationPlatforms) = preSolution
		Debug|Any CPU = Debug|Any CPU
		Release|Any CPU = Release|Any CPU
	EndGlobalSection
	GlobalSection(ProjectConfigurationPlatforms) = postSolution
		{93421FF6-A027-427A-AAD9-703E63737813}.Debug|Any CPU.ActiveCfg = Debug|Any CPU
		{93421FF6-A027-427A-AAD9-703E63737813}.Debug|Any CPU.Build.0 = Debug|Any CPU
		{93421FF6-A027-427A-AAD9-703E63737813}.Release|Any CPU.ActiveCfg = Release|Any CPU
		{93421FF6-A027-427A-AAD9-703E63737813}.Release|Any CPU.Build.0 = Release|Any CPU
	EndGlobalSection
	GlobalSection(SolutionProperties) = preSolution
		HideSolutionNode = FALSE
	EndGlobalSection
	GlobalSection(ExtensibilityGlobals) = postSolution
		SolutionGuid = {62F59E0E-7430-46EC-9ACE-BC711C821772}
	EndGlobalSection
EndGlobal
